{
    "_readme": [
        "This file locks the dependencies of your project to a known state",
        "Read more about it at https://getcomposer.org/doc/01-basic-usage.md#composer-lock-the-lock-file",
        "This file is @generated automatically"
    ],
    "hash": "055607f7b6cacfa7426aa602cc85ce6f",
    "content-hash": "e9a96a4908a738b9918715bb417564c4",
    "packages": [
        {
            "name": "caxy/php-htmldiff",
            "version": "dev-master",
            "source": {
                "type": "git",
                "url": "https://github.com/caxy/php-htmldiff.git",
                "reference": "755472d2f4299b4e1918268f580768a9dc52c928"
            },
            "dist": {
                "type": "zip",
                "url": "https://api.github.com/repos/caxy/php-htmldiff/zipball/755472d2f4299b4e1918268f580768a9dc52c928",
                "reference": "755472d2f4299b4e1918268f580768a9dc52c928",
                "shasum": ""
            },
            "require": {
                "ezyang/htmlpurifier": "^4.7",
                "php": ">=5.3.3"
            },
            "require-dev": {
                "doctrine/cache": "~1.0",
                "phpunit/phpunit": "~4.8"
            },
            "suggest": {
                "doctrine/cache": "Used for caching the calculated diffs using a Doctrine Cache Provider"
            },
            "type": "library",
            "extra": {
                "branch-alias": {
                    "dev-master": "0.1.x-dev"
                }
            },
            "autoload": {
                "psr-0": {
                    "Caxy\\HtmlDiff": "lib/"
                }
            },
            "notification-url": "https://packagist.org/downloads/",
            "license": [
                "GPL-2.0"
            ],
            "authors": [
                {
                    "name": "Josh Schroeder",
                    "email": "jschroeder@caxy.com",
                    "homepage": "http://www.caxy.com"
                }
            ],
            "description": "A library for comparing two HTML files/snippets and highlighting the differences using simple HTML.",
            "homepage": "https://github.com/caxy/php-htmldiff",
            "keywords": [
                "diff",
                "html"
            ],
            "time": "2016-04-20 14:33:04"
        },
        {
            "name": "cpliakas/git-wrapper",
            "version": "1.7.0",
            "source": {
                "type": "git",
                "url": "https://github.com/cpliakas/git-wrapper.git",
                "reference": "1a2f1131ec9ebe04a0b729b141396fa55f992d44"
            },
            "dist": {
                "type": "zip",
                "url": "https://api.github.com/repos/cpliakas/git-wrapper/zipball/1a2f1131ec9ebe04a0b729b141396fa55f992d44",
                "reference": "1a2f1131ec9ebe04a0b729b141396fa55f992d44",
                "shasum": ""
            },
            "require": {
                "php": ">=5.3.0",
                "symfony/event-dispatcher": "~2.3|~3.0",
                "symfony/process": "~2.3|~3.0"
            },
            "require-dev": {
                "pdepend/pdepend": "~1.0",
                "phploc/phploc": "~2.0",
                "phpmd/phpmd": "~1.0",
                "phpunit/phpunit": "~3.0",
                "psr/log": "~1.0",
                "scrutinizer/ocular": "~1.0",
                "sebastian/phpcpd": "~2.0",
                "symfony/filesystem": "~2.0"
            },
            "suggest": {
                "monolog/monolog": "Enables logging of executed git commands"
            },
            "type": "library",
            "autoload": {
                "psr-0": {
                    "GitWrapper": "src/"
                }
            },
            "notification-url": "https://packagist.org/downloads/",
            "license": [
                "MIT"
            ],
            "authors": [
                {
                    "name": "Chris Pliakas",
                    "email": "opensource@chrispliakas.com"
                }
            ],
            "description": "A PHP wrapper around the Git command line utility.",
            "homepage": "https://github.com/cpliakas/git-wrapper",
            "keywords": [
                "git"
            ],
            "time": "2016-04-19 16:12:33"
        },
        {
            "name": "ezyang/htmlpurifier",
            "version": "v4.7.0",
            "source": {
                "type": "git",
                "url": "https://github.com/ezyang/htmlpurifier.git",
                "reference": "ae1828d955112356f7677c465f94f7deb7d27a40"
            },
            "dist": {
                "type": "zip",
                "url": "https://api.github.com/repos/ezyang/htmlpurifier/zipball/ae1828d955112356f7677c465f94f7deb7d27a40",
                "reference": "ae1828d955112356f7677c465f94f7deb7d27a40",
                "shasum": ""
            },
            "require": {
                "php": ">=5.2"
            },
            "type": "library",
            "autoload": {
                "psr-0": {
                    "HTMLPurifier": "library/"
                },
                "files": [
                    "library/HTMLPurifier.composer.php"
                ]
            },
            "notification-url": "https://packagist.org/downloads/",
            "license": [
                "LGPL"
            ],
            "authors": [
                {
                    "name": "Edward Z. Yang",
                    "email": "admin@htmlpurifier.org",
                    "homepage": "http://ezyang.com"
                }
            ],
            "description": "Standards compliant HTML filter written in PHP",
            "homepage": "http://htmlpurifier.org/",
            "keywords": [
                "html"
            ],
            "time": "2015-08-05 01:03:42"
        },
        {
            "name": "symfony/event-dispatcher",
            "version": "v3.0.6",
            "source": {
                "type": "git",
                "url": "https://github.com/symfony/event-dispatcher.git",
                "reference": "807dde98589f9b2b00624dca326740380d78dbbc"
            },
            "dist": {
                "type": "zip",
                "url": "https://api.github.com/repos/symfony/event-dispatcher/zipball/807dde98589f9b2b00624dca326740380d78dbbc",
                "reference": "807dde98589f9b2b00624dca326740380d78dbbc",
                "shasum": ""
            },
            "require": {
                "php": ">=5.5.9"
            },
            "require-dev": {
                "psr/log": "~1.0",
                "symfony/config": "~2.8|~3.0",
                "symfony/dependency-injection": "~2.8|~3.0",
                "symfony/expression-language": "~2.8|~3.0",
                "symfony/stopwatch": "~2.8|~3.0"
            },
            "suggest": {
                "symfony/dependency-injection": "",
                "symfony/http-kernel": ""
            },
            "type": "library",
            "extra": {
                "branch-alias": {
                    "dev-master": "3.0-dev"
                }
            },
            "autoload": {
                "psr-4": {
                    "Symfony\\Component\\EventDispatcher\\": ""
                },
                "exclude-from-classmap": [
                    "/Tests/"
                ]
            },
            "notification-url": "https://packagist.org/downloads/",
            "license": [
                "MIT"
            ],
            "authors": [
                {
                    "name": "Fabien Potencier",
                    "email": "fabien@symfony.com"
                },
                {
                    "name": "Symfony Community",
                    "homepage": "https://symfony.com/contributors"
                }
            ],
            "description": "Symfony EventDispatcher Component",
            "homepage": "https://symfony.com",
            "time": "2016-05-05 06:56:13"
        },
        {
            "name": "symfony/process",
            "version": "v3.0.6",
            "source": {
                "type": "git",
                "url": "https://github.com/symfony/process.git",
                "reference": "53f9407c0bb1c5a79127db8f7bfe12f0f6f3dcdb"
            },
            "dist": {
                "type": "zip",
                "url": "https://api.github.com/repos/symfony/process/zipball/53f9407c0bb1c5a79127db8f7bfe12f0f6f3dcdb",
                "reference": "53f9407c0bb1c5a79127db8f7bfe12f0f6f3dcdb",
                "shasum": ""
            },
            "require": {
                "php": ">=5.5.9"
            },
            "type": "library",
            "extra": {
                "branch-alias": {
                    "dev-master": "3.0-dev"
                }
            },
            "autoload": {
                "psr-4": {
                    "Symfony\\Component\\Process\\": ""
                },
                "exclude-from-classmap": [
                    "/Tests/"
                ]
            },
            "notification-url": "https://packagist.org/downloads/",
            "license": [
                "MIT"
            ],
            "authors": [
                {
                    "name": "Fabien Potencier",
                    "email": "fabien@symfony.com"
                },
                {
                    "name": "Symfony Community",
                    "homepage": "https://symfony.com/contributors"
                }
            ],
            "description": "Symfony Process Component",
            "homepage": "https://symfony.com",
            "time": "2016-04-14 15:30:28"
        }
    ],
    "packages-dev": [],
    "aliases": [],
    "minimum-stability": "stable",
    "stability-flags": {
        "caxy/php-htmldiff": 20
    },
    "prefer-stable": false,
    "prefer-lowest": false,
    "platform": [],
    "platform-dev": []
}
