{
    "_readme": [
        "This file locks the dependencies of your project to a known state",
        "Read more about it at https://getcomposer.org/doc/01-basic-usage.md#composer-lock-the-lock-file",
        "This file is @generated automatically"
    ],
    "hash": "055607f7b6cacfa7426aa602cc85ce6f",
    "content-hash": "e9a96a4908a738b9918715bb417564c4",
    "packages": [
        {
            "name": "caxy/php-htmldiff",
            "version": "dev-master",
            "source": {
                "type": "git",
                "url": "https://github.com/caxy/php-htmldiff.git",
                "reference": "4888c71ddca7315ca150ad1bfdb2e3cedf00963f"
            },
            "dist": {
                "type": "zip",
                "url": "https://api.github.com/repos/caxy/php-htmldiff/zipball/4888c71ddca7315ca150ad1bfdb2e3cedf00963f",
                "reference": "4888c71ddca7315ca150ad1bfdb2e3cedf00963f",
                "shasum": ""
            },
            "require": {
                "php": ">=5.3.3"
            },
            "type": "library",
            "autoload": {
                "psr-0": {
                    "Caxy\\HtmlDiff": "lib/"
                }
            },
            "notification-url": "https://packagist.org/downloads/",
            "license": [
                "GPL-2.0"
            ],
            "authors": [
                {
                    "name": "Josh Schroeder",
                    "email": "jschroeder@caxy.com",
                    "homepage": "http://www.caxy.com"
                }
            ],
            "description": "A library for comparing two HTML files/snippets and highlighting the differences using simple HTML.",
            "homepage": "https://github.com/caxy/php-htmldiff",
            "keywords": [
                "diff",
                "html"
            ],
            "time": "2015-09-11 00:09:47"
        },
        {
            "name": "cpliakas/git-wrapper",
            "version": "1.5.0",
            "source": {
                "type": "git",
                "url": "https://github.com/cpliakas/git-wrapper.git",
                "reference": "0f8c4a4dcdd6ca5b46330ab12be3a439eea16d46"
            },
            "dist": {
                "type": "zip",
                "url": "https://api.github.com/repos/cpliakas/git-wrapper/zipball/0f8c4a4dcdd6ca5b46330ab12be3a439eea16d46",
                "reference": "0f8c4a4dcdd6ca5b46330ab12be3a439eea16d46",
                "shasum": ""
            },
            "require": {
                "php": ">=5.3.0",
                "symfony/event-dispatcher": "~2.3|~3.0",
                "symfony/process": "~2.3|~3.0"
            },
            "require-dev": {
                "pdepend/pdepend": "~1.0",
                "phploc/phploc": "~2.0",
                "phpmd/phpmd": "~1.0",
                "phpunit/phpunit": "~3.0",
                "psr/log": "~1.0",
                "scrutinizer/ocular": "~1.0",
                "sebastian/phpcpd": "~2.0",
                "symfony/filesystem": "~2.0"
            },
            "suggest": {
                "monolog/monolog": "Enables logging of executed git commands"
            },
            "type": "library",
            "autoload": {
                "psr-0": {
                    "GitWrapper": "src/"
                }
            },
            "notification-url": "https://packagist.org/downloads/",
            "license": [
                "MIT"
            ],
            "authors": [
                {
                    "name": "Chris Pliakas",
                    "email": "opensource@chrispliakas.com"
                }
            ],
            "description": "A PHP wrapper around the Git command line utility.",
            "homepage": "https://github.com/cpliakas/git-wrapper",
            "keywords": [
                "git"
            ],
            "time": "2015-07-08 14:28:09"
        },
        {
            "name": "symfony/event-dispatcher",
            "version": "v2.7.5",
            "source": {
                "type": "git",
                "url": "https://github.com/symfony/event-dispatcher.git",
                "reference": "ae4dcc2a8d3de98bd794167a3ccda1311597c5d9"
            },
            "dist": {
                "type": "zip",
                "url": "https://api.github.com/repos/symfony/event-dispatcher/zipball/ae4dcc2a8d3de98bd794167a3ccda1311597c5d9",
                "reference": "ae4dcc2a8d3de98bd794167a3ccda1311597c5d9",
                "shasum": ""
            },
            "require": {
                "php": ">=5.3.9"
            },
            "require-dev": {
                "psr/log": "~1.0",
                "symfony/config": "~2.0,>=2.0.5",
                "symfony/dependency-injection": "~2.6",
                "symfony/expression-language": "~2.6",
                "symfony/phpunit-bridge": "~2.7",
                "symfony/stopwatch": "~2.3"
            },
            "suggest": {
                "symfony/dependency-injection": "",
                "symfony/http-kernel": ""
            },
            "type": "library",
            "extra": {
                "branch-alias": {
                    "dev-master": "2.7-dev"
                }
            },
            "autoload": {
                "psr-4": {
                    "Symfony\\Component\\EventDispatcher\\": ""
                }
            },
            "notification-url": "https://packagist.org/downloads/",
            "license": [
                "MIT"
            ],
            "authors": [
                {
                    "name": "Fabien Potencier",
                    "email": "fabien@symfony.com"
                },
                {
                    "name": "Symfony Community",
                    "homepage": "https://symfony.com/contributors"
                }
            ],
            "description": "Symfony EventDispatcher Component",
            "homepage": "https://symfony.com",
            "time": "2015-09-22 13:49:29"
        },
        {
            "name": "symfony/process",
            "version": "v2.7.5",
            "source": {
                "type": "git",
                "url": "https://github.com/symfony/process.git",
                "reference": "b27c8e317922cd3cdd3600850273cf6b82b2e8e9"
            },
            "dist": {
                "type": "zip",
                "url": "https://api.github.com/repos/symfony/process/zipball/b27c8e317922cd3cdd3600850273cf6b82b2e8e9",
                "reference": "b27c8e317922cd3cdd3600850273cf6b82b2e8e9",
                "shasum": ""
            },
            "require": {
                "php": ">=5.3.9"
            },
            "require-dev": {
                "symfony/phpunit-bridge": "~2.7"
            },
            "type": "library",
            "extra": {
                "branch-alias": {
                    "dev-master": "2.7-dev"
                }
            },
            "autoload": {
                "psr-4": {
                    "Symfony\\Component\\Process\\": ""
                }
            },
            "notification-url": "https://packagist.org/downloads/",
            "license": [
                "MIT"
            ],
            "authors": [
                {
                    "name": "Fabien Potencier",
                    "email": "fabien@symfony.com"
                },
                {
                    "name": "Symfony Community",
                    "homepage": "https://symfony.com/contributors"
                }
            ],
            "description": "Symfony Process Component",
            "homepage": "https://symfony.com",
            "time": "2015-09-19 19:59:23"
        }
    ],
    "packages-dev": [],
    "aliases": [],
    "minimum-stability": "stable",
    "stability-flags": {
        "caxy/php-htmldiff": 20
    },
    "prefer-stable": false,
    "prefer-lowest": false,
    "platform": [],
    "platform-dev": []
}
